// !$*UTF8*$!
{
	archiveVersion = 1;
	classes = {
	};
	objectVersion = 56;
	objects = {

/* Begin PBXBuildFile section */
		E40BFF812B2C839500FE2171 /* SFProDisplay-Medium.otf in Resources */ = {isa = PBXBuildFile; fileRef = E40BFF7E2B2C839500FE2171 /* SFProDisplay-Medium.otf */; };
		E40BFF822B2C839500FE2171 /* SFProDisplay-Semibold.otf in Resources */ = {isa = PBXBuildFile; fileRef = E40BFF7F2B2C839500FE2171 /* SFProDisplay-Semibold.otf */; };
		E40BFF832B2C839500FE2171 /* SFProDisplay-Regular.otf in Resources */ = {isa = PBXBuildFile; fileRef = E40BFF802B2C839500FE2171 /* SFProDisplay-Regular.otf */; };
		E40BFF852B2C848D00FE2171 /* Constants.swift in Sources */ = {isa = PBXBuildFile; fileRef = E40BFF842B2C848D00FE2171 /* Constants.swift */; };
		E40BFF892B2C920F00FE2171 /* MainHotelCell.swift in Sources */ = {isa = PBXBuildFile; fileRef = E40BFF882B2C920F00FE2171 /* MainHotelCell.swift */; };
		E41B26002B34BB82007E1448 /* BookingDetailsView.swift in Sources */ = {isa = PBXBuildFile; fileRef = E41B25FF2B34BB82007E1448 /* BookingDetailsView.swift */; };
		E41B26022B34C36F007E1448 /* RoundedTextFieldView.swift in Sources */ = {isa = PBXBuildFile; fileRef = E41B26012B34C36F007E1448 /* RoundedTextFieldView.swift */; };
		E43AA7812B2D0A6900E81F54 /* ImageSliderView.swift in Sources */ = {isa = PBXBuildFile; fileRef = E43AA7802B2D0A6900E81F54 /* ImageSliderView.swift */; };
		E43E222D2B30A38300C3EB36 /* InfoButton.swift in Sources */ = {isa = PBXBuildFile; fileRef = E43E222C2B30A38300C3EB36 /* InfoButton.swift */; };
		E43FD7332B2D941800CA85ED /* ConfirmButton.swift in Sources */ = {isa = PBXBuildFile; fileRef = E43FD7322B2D941800CA85ED /* ConfirmButton.swift */; };
		E43FD7372B2DA06F00CA85ED /* DividerView.swift in Sources */ = {isa = PBXBuildFile; fileRef = E43FD7362B2DA06F00CA85ED /* DividerView.swift */; };
		E44303002B34A7EB00B2E64F /* CustomerInfoCell.swift in Sources */ = {isa = PBXBuildFile; fileRef = E44302FF2B34A7EB00B2E64F /* CustomerInfoCell.swift */; };
		E44701602B3058AC00E66A49 /* PeculiaritiesCollectionView.swift in Sources */ = {isa = PBXBuildFile; fileRef = E447015F2B3058AC00E66A49 /* PeculiaritiesCollectionView.swift */; };
		E44701622B30641300E66A49 /* CommonPeculiarityCell.swift in Sources */ = {isa = PBXBuildFile; fileRef = E44701612B30641300E66A49 /* CommonPeculiarityCell.swift */; };
		E460E9712B2DF586005A3AAF /* NetworkManager.swift in Sources */ = {isa = PBXBuildFile; fileRef = E460E9702B2DF586005A3AAF /* NetworkManager.swift */; };
		E4650EB72B321E1D00C3FF60 /* VerticalCollectionViewCell.swift in Sources */ = {isa = PBXBuildFile; fileRef = E4650EB62B321E1D00C3FF60 /* VerticalCollectionViewCell.swift */; };
		E47208062B2DB7BE00AF60A8 /* PriceView.swift in Sources */ = {isa = PBXBuildFile; fileRef = E47208052B2DB7BE00AF60A8 /* PriceView.swift */; };
		E47208082B2DC15B00AF60A8 /* CellTitleLabel.swift in Sources */ = {isa = PBXBuildFile; fileRef = E47208072B2DC15B00AF60A8 /* CellTitleLabel.swift */; };
		E4761D312B31BAE7000A5BE8 /* DetailsPeculiarityCell.swift in Sources */ = {isa = PBXBuildFile; fileRef = E4761D302B31BAE7000A5BE8 /* DetailsPeculiarityCell.swift */; };
		E4761D352B31D389000A5BE8 /* RoomsViewController.swift in Sources */ = {isa = PBXBuildFile; fileRef = E4761D342B31D389000A5BE8 /* RoomsViewController.swift */; };
		E4761D382B31D3B8000A5BE8 /* RoomsScreenCoordinator.swift in Sources */ = {isa = PBXBuildFile; fileRef = E4761D372B31D3B8000A5BE8 /* RoomsScreenCoordinator.swift */; };
		E4761D3A2B31DC34000A5BE8 /* RoomsViewModel.swift in Sources */ = {isa = PBXBuildFile; fileRef = E4761D392B31DC34000A5BE8 /* RoomsViewModel.swift */; };
		E4761D3C2B31F233000A5BE8 /* RoomCell.swift in Sources */ = {isa = PBXBuildFile; fileRef = E4761D3B2B31F233000A5BE8 /* RoomCell.swift */; };
		E4761D3F2B31F756000A5BE8 /* RoomList.swift in Sources */ = {isa = PBXBuildFile; fileRef = E4761D3E2B31F756000A5BE8 /* RoomList.swift */; };
		E4761D412B31FDE0000A5BE8 /* RoomCellViewModel.swift in Sources */ = {isa = PBXBuildFile; fileRef = E4761D402B31FDE0000A5BE8 /* RoomCellViewModel.swift */; };
		E486702F2B2EF92500A45A47 /* MainHotelCellViewModel.swift in Sources */ = {isa = PBXBuildFile; fileRef = E486702E2B2EF92500A45A47 /* MainHotelCellViewModel.swift */; };
		E48670312B2F54DE00A45A47 /* HotelInfoCell.swift in Sources */ = {isa = PBXBuildFile; fileRef = E48670302B2F54DE00A45A47 /* HotelInfoCell.swift */; };
		E48670332B2F640700A45A47 /* HotelInfoCellViewModel.swift in Sources */ = {isa = PBXBuildFile; fileRef = E48670322B2F640700A45A47 /* HotelInfoCellViewModel.swift */; };
		E48AE1B62B378FD800E16ADF /* PurchasedViewController.swift in Sources */ = {isa = PBXBuildFile; fileRef = E48AE1B52B378FD800E16ADF /* PurchasedViewController.swift */; };
		E48AE1B82B37987D00E16ADF /* AddTouristCell.swift in Sources */ = {isa = PBXBuildFile; fileRef = E48AE1B72B37987D00E16ADF /* AddTouristCell.swift */; };
		E4ADDC5D2B38345C007E2772 /* AdditionalTouristCell.swift in Sources */ = {isa = PBXBuildFile; fileRef = E4ADDC5C2B38345C007E2772 /* AdditionalTouristCell.swift */; };
		E4AEB2AD2B37129D00299192 /* FirstTouristCell.swift in Sources */ = {isa = PBXBuildFile; fileRef = E4AEB2AC2B37129D00299192 /* FirstTouristCell.swift */; };
		E4AEB2B12B3723BB00299192 /* OpeningView.swift in Sources */ = {isa = PBXBuildFile; fileRef = E4AEB2B02B3723BB00299192 /* OpeningView.swift */; };
		E4AEB2B52B372F9800299192 /* PriceCell.swift in Sources */ = {isa = PBXBuildFile; fileRef = E4AEB2B42B372F9800299192 /* PriceCell.swift */; };
		E4AEB2B72B37314700299192 /* PriceCellViewModel.swift in Sources */ = {isa = PBXBuildFile; fileRef = E4AEB2B62B37314700299192 /* PriceCellViewModel.swift */; };
		E4AEED922B2B7418004D3A55 /* AppDelegate.swift in Sources */ = {isa = PBXBuildFile; fileRef = E4AEED912B2B7418004D3A55 /* AppDelegate.swift */; };
		E4AEED942B2B7418004D3A55 /* SceneDelegate.swift in Sources */ = {isa = PBXBuildFile; fileRef = E4AEED932B2B7418004D3A55 /* SceneDelegate.swift */; };
		E4AEED962B2B7418004D3A55 /* HotelViewController.swift in Sources */ = {isa = PBXBuildFile; fileRef = E4AEED952B2B7418004D3A55 /* HotelViewController.swift */; };
		E4AEED9B2B2B7419004D3A55 /* Assets.xcassets in Resources */ = {isa = PBXBuildFile; fileRef = E4AEED9A2B2B7419004D3A55 /* Assets.xcassets */; };
		E4AEEDA62B2B7716004D3A55 /* BaseCoordinator.swift in Sources */ = {isa = PBXBuildFile; fileRef = E4AEEDA52B2B7716004D3A55 /* BaseCoordinator.swift */; };
		E4AEEDA82B2B774C004D3A55 /* AppCoordinator.swift in Sources */ = {isa = PBXBuildFile; fileRef = E4AEEDA72B2B774C004D3A55 /* AppCoordinator.swift */; };
		E4AEEDAA2B2B7829004D3A55 /* HotelScreenCoordinator.swift in Sources */ = {isa = PBXBuildFile; fileRef = E4AEEDA92B2B7829004D3A55 /* HotelScreenCoordinator.swift */; };
		E4AEEDB22B2B8058004D3A55 /* Hotel.swift in Sources */ = {isa = PBXBuildFile; fileRef = E4AEEDB12B2B8058004D3A55 /* Hotel.swift */; };
		E4AEEDB62B2B820F004D3A55 /* HotelViewModel.swift in Sources */ = {isa = PBXBuildFile; fileRef = E4AEEDB52B2B820F004D3A55 /* HotelViewModel.swift */; };
		E4BED4CE2B2DAE4800F3445C /* VerticalCollectionView.swift in Sources */ = {isa = PBXBuildFile; fileRef = E4BED4CD2B2DAE4800F3445C /* VerticalCollectionView.swift */; };
		E4FD0F552B331FBA009DB175 /* BookingViewController.swift in Sources */ = {isa = PBXBuildFile; fileRef = E4FD0F542B331FBA009DB175 /* BookingViewController.swift */; };
		E4FD0F572B331FD1009DB175 /* BookingScreenCoordinator.swift in Sources */ = {isa = PBXBuildFile; fileRef = E4FD0F562B331FD1009DB175 /* BookingScreenCoordinator.swift */; };
		E4FD0F592B333F9A009DB175 /* AboutHotelView.swift in Sources */ = {isa = PBXBuildFile; fileRef = E4FD0F582B333F9A009DB175 /* AboutHotelView.swift */; };
		E4FD0F5E2B33512E009DB175 /* AboutHotelCell.swift in Sources */ = {isa = PBXBuildFile; fileRef = E4FD0F5D2B33512E009DB175 /* AboutHotelCell.swift */; };
		E4FD0F602B3353EE009DB175 /* BookingViewModel.swift in Sources */ = {isa = PBXBuildFile; fileRef = E4FD0F5F2B3353EE009DB175 /* BookingViewModel.swift */; };
		E4FD0F702B335ECB009DB175 /* Booking.swift in Sources */ = {isa = PBXBuildFile; fileRef = E4FD0F6F2B335ECB009DB175 /* Booking.swift */; };
		E4FD0F722B335EFA009DB175 /* AboutHotelCellViewModel.swift in Sources */ = {isa = PBXBuildFile; fileRef = E4FD0F712B335EFA009DB175 /* AboutHotelCellViewModel.swift */; };
		E4FD0F7F2B343952009DB175 /* RatingView.swift in Sources */ = {isa = PBXBuildFile; fileRef = E4FD0F7E2B343952009DB175 /* RatingView.swift */; };
		E4FD0F842B34650A009DB175 /* InfoButtonsView.swift in Sources */ = {isa = PBXBuildFile; fileRef = E4FD0F832B34650A009DB175 /* InfoButtonsView.swift */; };
		E4FD0F872B347C42009DB175 /* BookingDetailsCell.swift in Sources */ = {isa = PBXBuildFile; fileRef = E4FD0F862B347C42009DB175 /* BookingDetailsCell.swift */; };
		E4FD0F8B2B34854A009DB175 /* BookingDetailsCellViewModel.swift in Sources */ = {isa = PBXBuildFile; fileRef = E4FD0F8A2B34854A009DB175 /* BookingDetailsCellViewModel.swift */; };
/* End PBXBuildFile section */

/* Begin PBXFileReference section */
		E40BFF7E2B2C839500FE2171 /* SFProDisplay-Medium.otf */ = {isa = PBXFileReference; lastKnownFileType = file; path = "SFProDisplay-Medium.otf"; sourceTree = "<group>"; };
		E40BFF7F2B2C839500FE2171 /* SFProDisplay-Semibold.otf */ = {isa = PBXFileReference; lastKnownFileType = file; path = "SFProDisplay-Semibold.otf"; sourceTree = "<group>"; };
		E40BFF802B2C839500FE2171 /* SFProDisplay-Regular.otf */ = {isa = PBXFileReference; lastKnownFileType = file; path = "SFProDisplay-Regular.otf"; sourceTree = "<group>"; };
		E40BFF842B2C848D00FE2171 /* Constants.swift */ = {isa = PBXFileReference; lastKnownFileType = sourcecode.swift; path = Constants.swift; sourceTree = "<group>"; };
		E40BFF882B2C920F00FE2171 /* MainHotelCell.swift */ = {isa = PBXFileReference; lastKnownFileType = sourcecode.swift; path = MainHotelCell.swift; sourceTree = "<group>"; };
		E41B25FF2B34BB82007E1448 /* BookingDetailsView.swift */ = {isa = PBXFileReference; lastKnownFileType = sourcecode.swift; path = BookingDetailsView.swift; sourceTree = "<group>"; };
		E41B26012B34C36F007E1448 /* RoundedTextFieldView.swift */ = {isa = PBXFileReference; lastKnownFileType = sourcecode.swift; path = RoundedTextFieldView.swift; sourceTree = "<group>"; };
		E43AA7802B2D0A6900E81F54 /* ImageSliderView.swift */ = {isa = PBXFileReference; lastKnownFileType = sourcecode.swift; path = ImageSliderView.swift; sourceTree = "<group>"; };
		E43E222C2B30A38300C3EB36 /* InfoButton.swift */ = {isa = PBXFileReference; lastKnownFileType = sourcecode.swift; path = InfoButton.swift; sourceTree = "<group>"; };
		E43FD7322B2D941800CA85ED /* ConfirmButton.swift */ = {isa = PBXFileReference; lastKnownFileType = sourcecode.swift; path = ConfirmButton.swift; sourceTree = "<group>"; };
		E43FD7362B2DA06F00CA85ED /* DividerView.swift */ = {isa = PBXFileReference; lastKnownFileType = sourcecode.swift; path = DividerView.swift; sourceTree = "<group>"; };
		E44302FF2B34A7EB00B2E64F /* CustomerInfoCell.swift */ = {isa = PBXFileReference; lastKnownFileType = sourcecode.swift; path = CustomerInfoCell.swift; sourceTree = "<group>"; };
		E447015F2B3058AC00E66A49 /* PeculiaritiesCollectionView.swift */ = {isa = PBXFileReference; lastKnownFileType = sourcecode.swift; path = PeculiaritiesCollectionView.swift; sourceTree = "<group>"; };
		E44701612B30641300E66A49 /* CommonPeculiarityCell.swift */ = {isa = PBXFileReference; lastKnownFileType = sourcecode.swift; path = CommonPeculiarityCell.swift; sourceTree = "<group>"; };
		E460E9702B2DF586005A3AAF /* NetworkManager.swift */ = {isa = PBXFileReference; lastKnownFileType = sourcecode.swift; path = NetworkManager.swift; sourceTree = "<group>"; };
		E4650EB62B321E1D00C3FF60 /* VerticalCollectionViewCell.swift */ = {isa = PBXFileReference; lastKnownFileType = sourcecode.swift; path = VerticalCollectionViewCell.swift; sourceTree = "<group>"; };
		E47208052B2DB7BE00AF60A8 /* PriceView.swift */ = {isa = PBXFileReference; lastKnownFileType = sourcecode.swift; path = PriceView.swift; sourceTree = "<group>"; };
		E47208072B2DC15B00AF60A8 /* CellTitleLabel.swift */ = {isa = PBXFileReference; lastKnownFileType = sourcecode.swift; path = CellTitleLabel.swift; sourceTree = "<group>"; };
		E4761D302B31BAE7000A5BE8 /* DetailsPeculiarityCell.swift */ = {isa = PBXFileReference; lastKnownFileType = sourcecode.swift; path = DetailsPeculiarityCell.swift; sourceTree = "<group>"; };
		E4761D342B31D389000A5BE8 /* RoomsViewController.swift */ = {isa = PBXFileReference; lastKnownFileType = sourcecode.swift; path = RoomsViewController.swift; sourceTree = "<group>"; };
		E4761D372B31D3B8000A5BE8 /* RoomsScreenCoordinator.swift */ = {isa = PBXFileReference; lastKnownFileType = sourcecode.swift; path = RoomsScreenCoordinator.swift; sourceTree = "<group>"; };
		E4761D392B31DC34000A5BE8 /* RoomsViewModel.swift */ = {isa = PBXFileReference; lastKnownFileType = sourcecode.swift; path = RoomsViewModel.swift; sourceTree = "<group>"; };
		E4761D3B2B31F233000A5BE8 /* RoomCell.swift */ = {isa = PBXFileReference; lastKnownFileType = sourcecode.swift; path = RoomCell.swift; sourceTree = "<group>"; };
		E4761D3E2B31F756000A5BE8 /* RoomList.swift */ = {isa = PBXFileReference; lastKnownFileType = sourcecode.swift; path = RoomList.swift; sourceTree = "<group>"; };
		E4761D402B31FDE0000A5BE8 /* RoomCellViewModel.swift */ = {isa = PBXFileReference; lastKnownFileType = sourcecode.swift; path = RoomCellViewModel.swift; sourceTree = "<group>"; };
		E486702E2B2EF92500A45A47 /* MainHotelCellViewModel.swift */ = {isa = PBXFileReference; lastKnownFileType = sourcecode.swift; path = MainHotelCellViewModel.swift; sourceTree = "<group>"; };
		E48670302B2F54DE00A45A47 /* HotelInfoCell.swift */ = {isa = PBXFileReference; lastKnownFileType = sourcecode.swift; path = HotelInfoCell.swift; sourceTree = "<group>"; };
		E48670322B2F640700A45A47 /* HotelInfoCellViewModel.swift */ = {isa = PBXFileReference; lastKnownFileType = sourcecode.swift; path = HotelInfoCellViewModel.swift; sourceTree = "<group>"; };
		E48AE1B52B378FD800E16ADF /* PurchasedViewController.swift */ = {isa = PBXFileReference; lastKnownFileType = sourcecode.swift; path = PurchasedViewController.swift; sourceTree = "<group>"; };
		E48AE1B72B37987D00E16ADF /* AddTouristCell.swift */ = {isa = PBXFileReference; lastKnownFileType = sourcecode.swift; path = AddTouristCell.swift; sourceTree = "<group>"; };
		E4ADDC5C2B38345C007E2772 /* AdditionalTouristCell.swift */ = {isa = PBXFileReference; lastKnownFileType = sourcecode.swift; path = AdditionalTouristCell.swift; sourceTree = "<group>"; };
		E4AEB2AC2B37129D00299192 /* FirstTouristCell.swift */ = {isa = PBXFileReference; lastKnownFileType = sourcecode.swift; path = FirstTouristCell.swift; sourceTree = "<group>"; };
		E4AEB2B02B3723BB00299192 /* OpeningView.swift */ = {isa = PBXFileReference; lastKnownFileType = sourcecode.swift; path = OpeningView.swift; sourceTree = "<group>"; };
		E4AEB2B42B372F9800299192 /* PriceCell.swift */ = {isa = PBXFileReference; lastKnownFileType = sourcecode.swift; path = PriceCell.swift; sourceTree = "<group>"; };
		E4AEB2B62B37314700299192 /* PriceCellViewModel.swift */ = {isa = PBXFileReference; lastKnownFileType = sourcecode.swift; path = PriceCellViewModel.swift; sourceTree = "<group>"; };
		E4AEED8E2B2B7418004D3A55 /* HotelReservation.app */ = {isa = PBXFileReference; explicitFileType = wrapper.application; includeInIndex = 0; path = HotelReservation.app; sourceTree = BUILT_PRODUCTS_DIR; };
		E4AEED912B2B7418004D3A55 /* AppDelegate.swift */ = {isa = PBXFileReference; lastKnownFileType = sourcecode.swift; path = AppDelegate.swift; sourceTree = "<group>"; };
		E4AEED932B2B7418004D3A55 /* SceneDelegate.swift */ = {isa = PBXFileReference; lastKnownFileType = sourcecode.swift; path = SceneDelegate.swift; sourceTree = "<group>"; };
		E4AEED952B2B7418004D3A55 /* HotelViewController.swift */ = {isa = PBXFileReference; lastKnownFileType = sourcecode.swift; path = HotelViewController.swift; sourceTree = "<group>"; };
		E4AEED9A2B2B7419004D3A55 /* Assets.xcassets */ = {isa = PBXFileReference; lastKnownFileType = folder.assetcatalog; path = Assets.xcassets; sourceTree = "<group>"; };
		E4AEED9F2B2B7419004D3A55 /* Info.plist */ = {isa = PBXFileReference; lastKnownFileType = text.plist.xml; path = Info.plist; sourceTree = "<group>"; };
		E4AEEDA52B2B7716004D3A55 /* BaseCoordinator.swift */ = {isa = PBXFileReference; lastKnownFileType = sourcecode.swift; path = BaseCoordinator.swift; sourceTree = "<group>"; };
		E4AEEDA72B2B774C004D3A55 /* AppCoordinator.swift */ = {isa = PBXFileReference; lastKnownFileType = sourcecode.swift; path = AppCoordinator.swift; sourceTree = "<group>"; };
		E4AEEDA92B2B7829004D3A55 /* HotelScreenCoordinator.swift */ = {isa = PBXFileReference; lastKnownFileType = sourcecode.swift; path = HotelScreenCoordinator.swift; sourceTree = "<group>"; };
		E4AEEDB12B2B8058004D3A55 /* Hotel.swift */ = {isa = PBXFileReference; lastKnownFileType = sourcecode.swift; path = Hotel.swift; sourceTree = "<group>"; };
		E4AEEDB52B2B820F004D3A55 /* HotelViewModel.swift */ = {isa = PBXFileReference; lastKnownFileType = sourcecode.swift; path = HotelViewModel.swift; sourceTree = "<group>"; };
		E4BED4CD2B2DAE4800F3445C /* VerticalCollectionView.swift */ = {isa = PBXFileReference; lastKnownFileType = sourcecode.swift; path = VerticalCollectionView.swift; sourceTree = "<group>"; };
		E4FD0F542B331FBA009DB175 /* BookingViewController.swift */ = {isa = PBXFileReference; lastKnownFileType = sourcecode.swift; path = BookingViewController.swift; sourceTree = "<group>"; };
		E4FD0F562B331FD1009DB175 /* BookingScreenCoordinator.swift */ = {isa = PBXFileReference; lastKnownFileType = sourcecode.swift; path = BookingScreenCoordinator.swift; sourceTree = "<group>"; };
		E4FD0F582B333F9A009DB175 /* AboutHotelView.swift */ = {isa = PBXFileReference; lastKnownFileType = sourcecode.swift; path = AboutHotelView.swift; sourceTree = "<group>"; };
		E4FD0F5D2B33512E009DB175 /* AboutHotelCell.swift */ = {isa = PBXFileReference; lastKnownFileType = sourcecode.swift; path = AboutHotelCell.swift; sourceTree = "<group>"; };
		E4FD0F5F2B3353EE009DB175 /* BookingViewModel.swift */ = {isa = PBXFileReference; lastKnownFileType = sourcecode.swift; path = BookingViewModel.swift; sourceTree = "<group>"; };
		E4FD0F6F2B335ECB009DB175 /* Booking.swift */ = {isa = PBXFileReference; lastKnownFileType = sourcecode.swift; path = Booking.swift; sourceTree = "<group>"; };
		E4FD0F712B335EFA009DB175 /* AboutHotelCellViewModel.swift */ = {isa = PBXFileReference; lastKnownFileType = sourcecode.swift; path = AboutHotelCellViewModel.swift; sourceTree = "<group>"; };
		E4FD0F7E2B343952009DB175 /* RatingView.swift */ = {isa = PBXFileReference; lastKnownFileType = sourcecode.swift; path = RatingView.swift; sourceTree = "<group>"; };
		E4FD0F832B34650A009DB175 /* InfoButtonsView.swift */ = {isa = PBXFileReference; lastKnownFileType = sourcecode.swift; path = InfoButtonsView.swift; sourceTree = "<group>"; };
		E4FD0F862B347C42009DB175 /* BookingDetailsCell.swift */ = {isa = PBXFileReference; lastKnownFileType = sourcecode.swift; path = BookingDetailsCell.swift; sourceTree = "<group>"; };
		E4FD0F8A2B34854A009DB175 /* BookingDetailsCellViewModel.swift */ = {isa = PBXFileReference; lastKnownFileType = sourcecode.swift; path = BookingDetailsCellViewModel.swift; sourceTree = "<group>"; };
/* End PBXFileReference section */

/* Begin PBXFrameworksBuildPhase section */
		E4AEED8B2B2B7418004D3A55 /* Frameworks */ = {
			isa = PBXFrameworksBuildPhase;
			buildActionMask = 2147483647;
			files = (
			);
			runOnlyForDeploymentPostprocessing = 0;
		};
/* End PBXFrameworksBuildPhase section */

/* Begin PBXGroup section */
		E40BFF7D2B2C836700FE2171 /* Fonts */ = {
			isa = PBXGroup;
			children = (
				E40BFF7F2B2C839500FE2171 /* SFProDisplay-Semibold.otf */,
				E40BFF802B2C839500FE2171 /* SFProDisplay-Regular.otf */,
				E40BFF7E2B2C839500FE2171 /* SFProDisplay-Medium.otf */,
			);
			path = Fonts;
			sourceTree = "<group>";
		};
		E43AA77D2B2CFC3E00E81F54 /* Views */ = {
			isa = PBXGroup;
			children = (
				E4BED4CD2B2DAE4800F3445C /* VerticalCollectionView.swift */,
				E4650EB62B321E1D00C3FF60 /* VerticalCollectionViewCell.swift */,
				E43FD7362B2DA06F00CA85ED /* DividerView.swift */,
				E43FD7322B2D941800CA85ED /* ConfirmButton.swift */,
				E43AA7802B2D0A6900E81F54 /* ImageSliderView.swift */,
				E4FD0F7E2B343952009DB175 /* RatingView.swift */,
				E47208072B2DC15B00AF60A8 /* CellTitleLabel.swift */,
				E4FD0F582B333F9A009DB175 /* AboutHotelView.swift */,
				E47208052B2DB7BE00AF60A8 /* PriceView.swift */,
				E43E222C2B30A38300C3EB36 /* InfoButton.swift */,
				E4FD0F832B34650A009DB175 /* InfoButtonsView.swift */,
				E41B25FF2B34BB82007E1448 /* BookingDetailsView.swift */,
				E41B26012B34C36F007E1448 /* RoundedTextFieldView.swift */,
				E4AEB2B02B3723BB00299192 /* OpeningView.swift */,
				E4ADDC5E2B3837ED007E2772 /* PeculiaritiesBundle */,
			);
			path = Views;
			sourceTree = "<group>";
		};
		E43FD7342B2D9FF600CA85ED /* Helpers */ = {
			isa = PBXGroup;
			children = (
				E40BFF842B2C848D00FE2171 /* Constants.swift */,
			);
			path = Helpers;
			sourceTree = "<group>";
		};
		E43FD7352B2DA02700CA85ED /* Cells */ = {
			isa = PBXGroup;
			children = (
				E4FD0F5B2B33508A009DB175 /* MainHotelBundle */,
				E4FD0F5C2B3350B8009DB175 /* HotelInfoBundle */,
			);
			path = Cells;
			sourceTree = "<group>";
		};
		E44701652B3087D500E66A49 /* Cells */ = {
			isa = PBXGroup;
			children = (
				E44701612B30641300E66A49 /* CommonPeculiarityCell.swift */,
				E4761D302B31BAE7000A5BE8 /* DetailsPeculiarityCell.swift */,
			);
			path = Cells;
			sourceTree = "<group>";
		};
		E460E96F2B2DF561005A3AAF /* Services */ = {
			isa = PBXGroup;
			children = (
				E460E9702B2DF586005A3AAF /* NetworkManager.swift */,
			);
			path = Services;
			sourceTree = "<group>";
		};
		E4761D362B31D38D000A5BE8 /* RoomsScreen */ = {
			isa = PBXGroup;
			children = (
				E4761D342B31D389000A5BE8 /* RoomsViewController.swift */,
				E4761D392B31DC34000A5BE8 /* RoomsViewModel.swift */,
				E4761D372B31D3B8000A5BE8 /* RoomsScreenCoordinator.swift */,
				E4761D3D2B31F239000A5BE8 /* Cells */,
			);
			path = RoomsScreen;
			sourceTree = "<group>";
		};
		E4761D3D2B31F239000A5BE8 /* Cells */ = {
			isa = PBXGroup;
			children = (
				E4AEB2AB2B3708A400299192 /* RoomBundle */,
			);
			path = Cells;
			sourceTree = "<group>";
		};
		E48AE1B42B378FAA00E16ADF /* PurchasedScreen */ = {
			isa = PBXGroup;
			children = (
				E48AE1B52B378FD800E16ADF /* PurchasedViewController.swift */,
			);
			path = PurchasedScreen;
			sourceTree = "<group>";
		};
		E4ADDC5E2B3837ED007E2772 /* PeculiaritiesBundle */ = {
			isa = PBXGroup;
			children = (
				E447015F2B3058AC00E66A49 /* PeculiaritiesCollectionView.swift */,
				E44701652B3087D500E66A49 /* Cells */,
			);
			path = PeculiaritiesBundle;
			sourceTree = "<group>";
		};
		E4AEB2AB2B3708A400299192 /* RoomBundle */ = {
			isa = PBXGroup;
			children = (
				E4761D3B2B31F233000A5BE8 /* RoomCell.swift */,
				E4761D402B31FDE0000A5BE8 /* RoomCellViewModel.swift */,
			);
			path = RoomBundle;
			sourceTree = "<group>";
		};
		E4AEB2B82B37314B00299192 /* PriceBundle */ = {
			isa = PBXGroup;
			children = (
				E4AEB2B42B372F9800299192 /* PriceCell.swift */,
				E4AEB2B62B37314700299192 /* PriceCellViewModel.swift */,
			);
			path = PriceBundle;
			sourceTree = "<group>";
		};
		E4AEED852B2B7418004D3A55 = {
			isa = PBXGroup;
			children = (
				E4AEED902B2B7418004D3A55 /* HotelReservation */,
				E4AEED8F2B2B7418004D3A55 /* Products */,
			);
			sourceTree = "<group>";
		};
		E4AEED8F2B2B7418004D3A55 /* Products */ = {
			isa = PBXGroup;
			children = (
				E4AEED8E2B2B7418004D3A55 /* HotelReservation.app */,
			);
			name = Products;
			sourceTree = "<group>";
		};
		E4AEED902B2B7418004D3A55 /* HotelReservation */ = {
			isa = PBXGroup;
			children = (
				E4AEEDAD2B2B7DCC004D3A55 /* App */,
				E4AEEDB32B2B8081004D3A55 /* Models */,
				E43AA77D2B2CFC3E00E81F54 /* Views */,
				E4AEEDAE2B2B7DD9004D3A55 /* HotelScreen */,
				E4761D362B31D38D000A5BE8 /* RoomsScreen */,
				E4FD0F532B331F9A009DB175 /* BookingScreen */,
				E48AE1B42B378FAA00E16ADF /* PurchasedScreen */,
				E460E96F2B2DF561005A3AAF /* Services */,
				E4AEEDAF2B2B7E01004D3A55 /* Coordinators */,
				E43FD7342B2D9FF600CA85ED /* Helpers */,
				E4AEEDB02B2B7E14004D3A55 /* Resources */,
			);
			path = HotelReservation;
			sourceTree = "<group>";
		};
		E4AEEDAD2B2B7DCC004D3A55 /* App */ = {
			isa = PBXGroup;
			children = (
				E4AEED912B2B7418004D3A55 /* AppDelegate.swift */,
				E4AEED932B2B7418004D3A55 /* SceneDelegate.swift */,
			);
			path = App;
			sourceTree = "<group>";
		};
		E4AEEDAE2B2B7DD9004D3A55 /* HotelScreen */ = {
			isa = PBXGroup;
			children = (
				E4AEED952B2B7418004D3A55 /* HotelViewController.swift */,
				E4AEEDB52B2B820F004D3A55 /* HotelViewModel.swift */,
				E4AEEDA92B2B7829004D3A55 /* HotelScreenCoordinator.swift */,
				E43FD7352B2DA02700CA85ED /* Cells */,
			);
			path = HotelScreen;
			sourceTree = "<group>";
		};
		E4AEEDAF2B2B7E01004D3A55 /* Coordinators */ = {
			isa = PBXGroup;
			children = (
				E4AEEDA52B2B7716004D3A55 /* BaseCoordinator.swift */,
				E4AEEDA72B2B774C004D3A55 /* AppCoordinator.swift */,
			);
			path = Coordinators;
			sourceTree = "<group>";
		};
		E4AEEDB02B2B7E14004D3A55 /* Resources */ = {
			isa = PBXGroup;
			children = (
				E40BFF7D2B2C836700FE2171 /* Fonts */,
				E4AEED9A2B2B7419004D3A55 /* Assets.xcassets */,
				E4AEED9F2B2B7419004D3A55 /* Info.plist */,
			);
			path = Resources;
			sourceTree = "<group>";
		};
		E4AEEDB32B2B8081004D3A55 /* Models */ = {
			isa = PBXGroup;
			children = (
				E4AEEDB12B2B8058004D3A55 /* Hotel.swift */,
				E4761D3E2B31F756000A5BE8 /* RoomList.swift */,
				E4FD0F6F2B335ECB009DB175 /* Booking.swift */,
			);
			path = Models;
			sourceTree = "<group>";
		};
		E4FD0F532B331F9A009DB175 /* BookingScreen */ = {
			isa = PBXGroup;
			children = (
				E4FD0F542B331FBA009DB175 /* BookingViewController.swift */,
				E4FD0F5F2B3353EE009DB175 /* BookingViewModel.swift */,
				E4FD0F562B331FD1009DB175 /* BookingScreenCoordinator.swift */,
				E4FD0F5A2B335065009DB175 /* Cells */,
			);
			path = BookingScreen;
			sourceTree = "<group>";
		};
		E4FD0F5A2B335065009DB175 /* Cells */ = {
			isa = PBXGroup;
			children = (
				E4FD0F732B335F0B009DB175 /* AboutHotelBundle */,
				E4FD0F852B347BF1009DB175 /* BookingDetailsBundle */,
				E44302FF2B34A7EB00B2E64F /* CustomerInfoCell.swift */,
				E4AEB2AC2B37129D00299192 /* FirstTouristCell.swift */,
				E4ADDC5C2B38345C007E2772 /* AdditionalTouristCell.swift */,
				E48AE1B72B37987D00E16ADF /* AddTouristCell.swift */,
				E4AEB2B82B37314B00299192 /* PriceBundle */,
			);
			path = Cells;
			sourceTree = "<group>";
		};
		E4FD0F5B2B33508A009DB175 /* MainHotelBundle */ = {
			isa = PBXGroup;
			children = (
				E40BFF882B2C920F00FE2171 /* MainHotelCell.swift */,
				E486702E2B2EF92500A45A47 /* MainHotelCellViewModel.swift */,
			);
			path = MainHotelBundle;
			sourceTree = "<group>";
		};
		E4FD0F5C2B3350B8009DB175 /* HotelInfoBundle */ = {
			isa = PBXGroup;
			children = (
				E48670302B2F54DE00A45A47 /* HotelInfoCell.swift */,
				E48670322B2F640700A45A47 /* HotelInfoCellViewModel.swift */,
			);
			path = HotelInfoBundle;
			sourceTree = "<group>";
		};
		E4FD0F732B335F0B009DB175 /* AboutHotelBundle */ = {
			isa = PBXGroup;
			children = (
				E4FD0F5D2B33512E009DB175 /* AboutHotelCell.swift */,
				E4FD0F712B335EFA009DB175 /* AboutHotelCellViewModel.swift */,
			);
			path = AboutHotelBundle;
			sourceTree = "<group>";
		};
		E4FD0F852B347BF1009DB175 /* BookingDetailsBundle */ = {
			isa = PBXGroup;
			children = (
				E4FD0F862B347C42009DB175 /* BookingDetailsCell.swift */,
				E4FD0F8A2B34854A009DB175 /* BookingDetailsCellViewModel.swift */,
			);
			path = BookingDetailsBundle;
			sourceTree = "<group>";
		};
/* End PBXGroup section */

/* Begin PBXNativeTarget section */
		E4AEED8D2B2B7418004D3A55 /* HotelReservation */ = {
			isa = PBXNativeTarget;
			buildConfigurationList = E4AEEDA22B2B7419004D3A55 /* Build configuration list for PBXNativeTarget "HotelReservation" */;
			buildPhases = (
				E4AEED8A2B2B7418004D3A55 /* Sources */,
				E4AEED8B2B2B7418004D3A55 /* Frameworks */,
				E4AEED8C2B2B7418004D3A55 /* Resources */,
			);
			buildRules = (
			);
			dependencies = (
			);
			name = HotelReservation;
			productName = HotelReservation;
			productReference = E4AEED8E2B2B7418004D3A55 /* HotelReservation.app */;
			productType = "com.apple.product-type.application";
		};
/* End PBXNativeTarget section */

/* Begin PBXProject section */
		E4AEED862B2B7418004D3A55 /* Project object */ = {
			isa = PBXProject;
			attributes = {
				BuildIndependentTargetsInParallel = 1;
				LastSwiftUpdateCheck = 1510;
				LastUpgradeCheck = 1510;
				TargetAttributes = {
					E4AEED8D2B2B7418004D3A55 = {
						CreatedOnToolsVersion = 15.1;
					};
				};
			};
			buildConfigurationList = E4AEED892B2B7418004D3A55 /* Build configuration list for PBXProject "HotelReservation" */;
			compatibilityVersion = "Xcode 14.0";
			developmentRegion = en;
			hasScannedForEncodings = 0;
			knownRegions = (
				en,
				Base,
			);
			mainGroup = E4AEED852B2B7418004D3A55;
			productRefGroup = E4AEED8F2B2B7418004D3A55 /* Products */;
			projectDirPath = "";
			projectRoot = "";
			targets = (
				E4AEED8D2B2B7418004D3A55 /* HotelReservation */,
			);
		};
/* End PBXProject section */

/* Begin PBXResourcesBuildPhase section */
		E4AEED8C2B2B7418004D3A55 /* Resources */ = {
			isa = PBXResourcesBuildPhase;
			buildActionMask = 2147483647;
			files = (
				E40BFF822B2C839500FE2171 /* SFProDisplay-Semibold.otf in Resources */,
				E40BFF812B2C839500FE2171 /* SFProDisplay-Medium.otf in Resources */,
				E40BFF832B2C839500FE2171 /* SFProDisplay-Regular.otf in Resources */,
				E4AEED9B2B2B7419004D3A55 /* Assets.xcassets in Resources */,
			);
			runOnlyForDeploymentPostprocessing = 0;
		};
/* End PBXResourcesBuildPhase section */

/* Begin PBXSourcesBuildPhase section */
		E4AEED8A2B2B7418004D3A55 /* Sources */ = {
			isa = PBXSourcesBuildPhase;
			buildActionMask = 2147483647;
			files = (
				E460E9712B2DF586005A3AAF /* NetworkManager.swift in Sources */,
				E41B26022B34C36F007E1448 /* RoundedTextFieldView.swift in Sources */,
				E43E222D2B30A38300C3EB36 /* InfoButton.swift in Sources */,
				E4FD0F5E2B33512E009DB175 /* AboutHotelCell.swift in Sources */,
				E4761D3F2B31F756000A5BE8 /* RoomList.swift in Sources */,
				E4BED4CE2B2DAE4800F3445C /* VerticalCollectionView.swift in Sources */,
				E4FD0F592B333F9A009DB175 /* AboutHotelView.swift in Sources */,
				E486702F2B2EF92500A45A47 /* MainHotelCellViewModel.swift in Sources */,
				E4FD0F702B335ECB009DB175 /* Booking.swift in Sources */,
				E4761D3C2B31F233000A5BE8 /* RoomCell.swift in Sources */,
				E4AEED962B2B7418004D3A55 /* HotelViewController.swift in Sources */,
				E43FD7372B2DA06F00CA85ED /* DividerView.swift in Sources */,
				E4761D412B31FDE0000A5BE8 /* RoomCellViewModel.swift in Sources */,
				E4AEB2B52B372F9800299192 /* PriceCell.swift in Sources */,
				E4AEB2AD2B37129D00299192 /* FirstTouristCell.swift in Sources */,
				E48670332B2F640700A45A47 /* HotelInfoCellViewModel.swift in Sources */,
				E48AE1B82B37987D00E16ADF /* AddTouristCell.swift in Sources */,
				E44701602B3058AC00E66A49 /* PeculiaritiesCollectionView.swift in Sources */,
				E4FD0F8B2B34854A009DB175 /* BookingDetailsCellViewModel.swift in Sources */,
				E4761D382B31D3B8000A5BE8 /* RoomsScreenCoordinator.swift in Sources */,
				E4AEB2B72B37314700299192 /* PriceCellViewModel.swift in Sources */,
				E43AA7812B2D0A6900E81F54 /* ImageSliderView.swift in Sources */,
				E4FD0F602B3353EE009DB175 /* BookingViewModel.swift in Sources */,
				E40BFF852B2C848D00FE2171 /* Constants.swift in Sources */,
				E4AEED922B2B7418004D3A55 /* AppDelegate.swift in Sources */,
				E4FD0F722B335EFA009DB175 /* AboutHotelCellViewModel.swift in Sources */,
				E47208082B2DC15B00AF60A8 /* CellTitleLabel.swift in Sources */,
				E4AEEDA82B2B774C004D3A55 /* AppCoordinator.swift in Sources */,
				E48670312B2F54DE00A45A47 /* HotelInfoCell.swift in Sources */,
				E47208062B2DB7BE00AF60A8 /* PriceView.swift in Sources */,
				E4761D312B31BAE7000A5BE8 /* DetailsPeculiarityCell.swift in Sources */,
				E4FD0F7F2B343952009DB175 /* RatingView.swift in Sources */,
				E44701622B30641300E66A49 /* CommonPeculiarityCell.swift in Sources */,
				E48AE1B62B378FD800E16ADF /* PurchasedViewController.swift in Sources */,
				E4AEEDAA2B2B7829004D3A55 /* HotelScreenCoordinator.swift in Sources */,
				E4650EB72B321E1D00C3FF60 /* VerticalCollectionViewCell.swift in Sources */,
				E4AEED942B2B7418004D3A55 /* SceneDelegate.swift in Sources */,
				E4AEB2B12B3723BB00299192 /* OpeningView.swift in Sources */,
				E4AEEDA62B2B7716004D3A55 /* BaseCoordinator.swift in Sources */,
				E4761D352B31D389000A5BE8 /* RoomsViewController.swift in Sources */,
				E4FD0F842B34650A009DB175 /* InfoButtonsView.swift in Sources */,
				E4761D3A2B31DC34000A5BE8 /* RoomsViewModel.swift in Sources */,
				E4FD0F872B347C42009DB175 /* BookingDetailsCell.swift in Sources */,
				E4FD0F572B331FD1009DB175 /* BookingScreenCoordinator.swift in Sources */,
				E4AEEDB22B2B8058004D3A55 /* Hotel.swift in Sources */,
				E41B26002B34BB82007E1448 /* BookingDetailsView.swift in Sources */,
				E43FD7332B2D941800CA85ED /* ConfirmButton.swift in Sources */,
				E44303002B34A7EB00B2E64F /* CustomerInfoCell.swift in Sources */,
				E4AEEDB62B2B820F004D3A55 /* HotelViewModel.swift in Sources */,
				E4ADDC5D2B38345C007E2772 /* AdditionalTouristCell.swift in Sources */,
				E4FD0F552B331FBA009DB175 /* BookingViewController.swift in Sources */,
				E40BFF892B2C920F00FE2171 /* MainHotelCell.swift in Sources */,
			);
			runOnlyForDeploymentPostprocessing = 0;
		};
/* End PBXSourcesBuildPhase section */

/* Begin XCBuildConfiguration section */
		E4AEEDA02B2B7419004D3A55 /* Debug */ = {
			isa = XCBuildConfiguration;
			buildSettings = {
				ALWAYS_SEARCH_USER_PATHS = NO;
				ASSETCATALOG_COMPILER_GENERATE_SWIFT_ASSET_SYMBOL_EXTENSIONS = YES;
				CLANG_ANALYZER_NONNULL = YES;
				CLANG_ANALYZER_NUMBER_OBJECT_CONVERSION = YES_AGGRESSIVE;
				CLANG_CXX_LANGUAGE_STANDARD = "gnu++20";
				CLANG_ENABLE_MODULES = YES;
				CLANG_ENABLE_OBJC_ARC = YES;
				CLANG_ENABLE_OBJC_WEAK = YES;
				CLANG_WARN_BLOCK_CAPTURE_AUTORELEASING = YES;
				CLANG_WARN_BOOL_CONVERSION = YES;
				CLANG_WARN_COMMA = YES;
				CLANG_WARN_CONSTANT_CONVERSION = YES;
				CLANG_WARN_DEPRECATED_OBJC_IMPLEMENTATIONS = YES;
				CLANG_WARN_DIRECT_OBJC_ISA_USAGE = YES_ERROR;
				CLANG_WARN_DOCUMENTATION_COMMENTS = YES;
				CLANG_WARN_EMPTY_BODY = YES;
				CLANG_WARN_ENUM_CONVERSION = YES;
				CLANG_WARN_INFINITE_RECURSION = YES;
				CLANG_WARN_INT_CONVERSION = YES;
				CLANG_WARN_NON_LITERAL_NULL_CONVERSION = YES;
				CLANG_WARN_OBJC_IMPLICIT_RETAIN_SELF = YES;
				CLANG_WARN_OBJC_LITERAL_CONVERSION = YES;
				CLANG_WARN_OBJC_ROOT_CLASS = YES_ERROR;
				CLANG_WARN_QUOTED_INCLUDE_IN_FRAMEWORK_HEADER = YES;
				CLANG_WARN_RANGE_LOOP_ANALYSIS = YES;
				CLANG_WARN_STRICT_PROTOTYPES = YES;
				CLANG_WARN_SUSPICIOUS_MOVE = YES;
				CLANG_WARN_UNGUARDED_AVAILABILITY = YES_AGGRESSIVE;
				CLANG_WARN_UNREACHABLE_CODE = YES;
				CLANG_WARN__DUPLICATE_METHOD_MATCH = YES;
				COPY_PHASE_STRIP = NO;
				DEBUG_INFORMATION_FORMAT = dwarf;
				ENABLE_STRICT_OBJC_MSGSEND = YES;
				ENABLE_TESTABILITY = YES;
				ENABLE_USER_SCRIPT_SANDBOXING = YES;
				GCC_C_LANGUAGE_STANDARD = gnu17;
				GCC_DYNAMIC_NO_PIC = NO;
				GCC_NO_COMMON_BLOCKS = YES;
				GCC_OPTIMIZATION_LEVEL = 0;
				GCC_PREPROCESSOR_DEFINITIONS = (
					"DEBUG=1",
					"$(inherited)",
				);
				GCC_WARN_64_TO_32_BIT_CONVERSION = YES;
				GCC_WARN_ABOUT_RETURN_TYPE = YES_ERROR;
				GCC_WARN_UNDECLARED_SELECTOR = YES;
				GCC_WARN_UNINITIALIZED_AUTOS = YES_AGGRESSIVE;
				GCC_WARN_UNUSED_FUNCTION = YES;
				GCC_WARN_UNUSED_VARIABLE = YES;
				IPHONEOS_DEPLOYMENT_TARGET = 15.0;
				LOCALIZATION_PREFERS_STRING_CATALOGS = YES;
				MTL_ENABLE_DEBUG_INFO = INCLUDE_SOURCE;
				MTL_FAST_MATH = YES;
				ONLY_ACTIVE_ARCH = YES;
				SDKROOT = iphoneos;
				SWIFT_ACTIVE_COMPILATION_CONDITIONS = "DEBUG $(inherited)";
				SWIFT_OPTIMIZATION_LEVEL = "-Onone";
			};
			name = Debug;
		};
		E4AEEDA12B2B7419004D3A55 /* Release */ = {
			isa = XCBuildConfiguration;
			buildSettings = {
				ALWAYS_SEARCH_USER_PATHS = NO;
				ASSETCATALOG_COMPILER_GENERATE_SWIFT_ASSET_SYMBOL_EXTENSIONS = YES;
				CLANG_ANALYZER_NONNULL = YES;
				CLANG_ANALYZER_NUMBER_OBJECT_CONVERSION = YES_AGGRESSIVE;
				CLANG_CXX_LANGUAGE_STANDARD = "gnu++20";
				CLANG_ENABLE_MODULES = YES;
				CLANG_ENABLE_OBJC_ARC = YES;
				CLANG_ENABLE_OBJC_WEAK = YES;
				CLANG_WARN_BLOCK_CAPTURE_AUTORELEASING = YES;
				CLANG_WARN_BOOL_CONVERSION = YES;
				CLANG_WARN_COMMA = YES;
				CLANG_WARN_CONSTANT_CONVERSION = YES;
				CLANG_WARN_DEPRECATED_OBJC_IMPLEMENTATIONS = YES;
				CLANG_WARN_DIRECT_OBJC_ISA_USAGE = YES_ERROR;
				CLANG_WARN_DOCUMENTATION_COMMENTS = YES;
				CLANG_WARN_EMPTY_BODY = YES;
				CLANG_WARN_ENUM_CONVERSION = YES;
				CLANG_WARN_INFINITE_RECURSION = YES;
				CLANG_WARN_INT_CONVERSION = YES;
				CLANG_WARN_NON_LITERAL_NULL_CONVERSION = YES;
				CLANG_WARN_OBJC_IMPLICIT_RETAIN_SELF = YES;
				CLANG_WARN_OBJC_LITERAL_CONVERSION = YES;
				CLANG_WARN_OBJC_ROOT_CLASS = YES_ERROR;
				CLANG_WARN_QUOTED_INCLUDE_IN_FRAMEWORK_HEADER = YES;
				CLANG_WARN_RANGE_LOOP_ANALYSIS = YES;
				CLANG_WARN_STRICT_PROTOTYPES = YES;
				CLANG_WARN_SUSPICIOUS_MOVE = YES;
				CLANG_WARN_UNGUARDED_AVAILABILITY = YES_AGGRESSIVE;
				CLANG_WARN_UNREACHABLE_CODE = YES;
				CLANG_WARN__DUPLICATE_METHOD_MATCH = YES;
				COPY_PHASE_STRIP = NO;
				DEBUG_INFORMATION_FORMAT = "dwarf-with-dsym";
				ENABLE_NS_ASSERTIONS = NO;
				ENABLE_STRICT_OBJC_MSGSEND = YES;
				ENABLE_USER_SCRIPT_SANDBOXING = YES;
				GCC_C_LANGUAGE_STANDARD = gnu17;
				GCC_NO_COMMON_BLOCKS = YES;
				GCC_WARN_64_TO_32_BIT_CONVERSION = YES;
				GCC_WARN_ABOUT_RETURN_TYPE = YES_ERROR;
				GCC_WARN_UNDECLARED_SELECTOR = YES;
				GCC_WARN_UNINITIALIZED_AUTOS = YES_AGGRESSIVE;
				GCC_WARN_UNUSED_FUNCTION = YES;
				GCC_WARN_UNUSED_VARIABLE = YES;
				IPHONEOS_DEPLOYMENT_TARGET = 15.0;
				LOCALIZATION_PREFERS_STRING_CATALOGS = YES;
				MTL_ENABLE_DEBUG_INFO = NO;
				MTL_FAST_MATH = YES;
				SDKROOT = iphoneos;
				SWIFT_COMPILATION_MODE = wholemodule;
				VALIDATE_PRODUCT = YES;
			};
			name = Release;
		};
		E4AEEDA32B2B7419004D3A55 /* Debug */ = {
			isa = XCBuildConfiguration;
			buildSettings = {
				ASSETCATALOG_COMPILER_APPICON_NAME = AppIcon;
				ASSETCATALOG_COMPILER_GLOBAL_ACCENT_COLOR_NAME = AccentColor;
				CODE_SIGN_STYLE = Automatic;
				CURRENT_PROJECT_VERSION = 1;
				DEVELOPMENT_TEAM = X7QDNJU74Z;
				GENERATE_INFOPLIST_FILE = YES;
				INFOPLIST_FILE = HotelReservation/Resources/Info.plist;
				INFOPLIST_KEY_UIApplicationSupportsIndirectInputEvents = YES;
				INFOPLIST_KEY_UISupportedInterfaceOrientations = UIInterfaceOrientationPortrait;
				INFOPLIST_KEY_UISupportedInterfaceOrientations_iPad = "UIInterfaceOrientationLandscapeLeft UIInterfaceOrientationLandscapeRight UIInterfaceOrientationPortrait UIInterfaceOrientationPortraitUpsideDown";
				IPHONEOS_DEPLOYMENT_TARGET = 15.0;
				LD_RUNPATH_SEARCH_PATHS = (
					"$(inherited)",
					"@executable_path/Frameworks",
				);
				MARKETING_VERSION = 1.0;
				PRODUCT_BUNDLE_IDENTIFIER = Shigapov.HotelReservation;
				PRODUCT_NAME = "$(TARGET_NAME)";
				SUPPORTED_PLATFORMS = "iphoneos iphonesimulator";
				SUPPORTS_MACCATALYST = NO;
				SUPPORTS_MAC_DESIGNED_FOR_IPHONE_IPAD = NO;
				SWIFT_EMIT_LOC_STRINGS = YES;
				SWIFT_VERSION = 5.0;
				TARGETED_DEVICE_FAMILY = 1;
			};
			name = Debug;
		};
		E4AEEDA42B2B7419004D3A55 /* Release */ = {
			isa = XCBuildConfiguration;
			buildSettings = {
				ASSETCATALOG_COMPILER_APPICON_NAME = AppIcon;
				ASSETCATALOG_COMPILER_GLOBAL_ACCENT_COLOR_NAME = AccentColor;
				CODE_SIGN_STYLE = Automatic;
				CURRENT_PROJECT_VERSION = 1;
				DEVELOPMENT_TEAM = X7QDNJU74Z;
				GENERATE_INFOPLIST_FILE = YES;
				INFOPLIST_FILE = HotelReservation/Resources/Info.plist;
				INFOPLIST_KEY_UIApplicationSupportsIndirectInputEvents = YES;
				INFOPLIST_KEY_UISupportedInterfaceOrientations = UIInterfaceOrientationPortrait;
				INFOPLIST_KEY_UISupportedInterfaceOrientations_iPad = "UIInterfaceOrientationLandscapeLeft UIInterfaceOrientationLandscapeRight UIInterfaceOrientationPortrait UIInterfaceOrientationPortraitUpsideDown";
				IPHONEOS_DEPLOYMENT_TARGET = 15.0;
				LD_RUNPATH_SEARCH_PATHS = (
					"$(inherited)",
					"@executable_path/Frameworks",
				);
				MARKETING_VERSION = 1.0;
				PRODUCT_BUNDLE_IDENTIFIER = Shigapov.HotelReservation;
				PRODUCT_NAME = "$(TARGET_NAME)";
				SUPPORTED_PLATFORMS = "iphoneos iphonesimulator";
				SUPPORTS_MACCATALYST = NO;
				SUPPORTS_MAC_DESIGNED_FOR_IPHONE_IPAD = NO;
				SWIFT_EMIT_LOC_STRINGS = YES;
				SWIFT_VERSION = 5.0;
				TARGETED_DEVICE_FAMILY = 1;
			};
			name = Release;
		};
/* End XCBuildConfiguration section */

/* Begin XCConfigurationList section */
		E4AEED892B2B7418004D3A55 /* Build configuration list for PBXProject "HotelReservation" */ = {
			isa = XCConfigurationList;
			buildConfigurations = (
				E4AEEDA02B2B7419004D3A55 /* Debug */,
				E4AEEDA12B2B7419004D3A55 /* Release */,
			);
			defaultConfigurationIsVisible = 0;
			defaultConfigurationName = Release;
		};
		E4AEEDA22B2B7419004D3A55 /* Build configuration list for PBXNativeTarget "HotelReservation" */ = {
			isa = XCConfigurationList;
			buildConfigurations = (
				E4AEEDA32B2B7419004D3A55 /* Debug */,
				E4AEEDA42B2B7419004D3A55 /* Release */,
			);
			defaultConfigurationIsVisible = 0;
			defaultConfigurationName = Release;
		};
/* End XCConfigurationList section */
	};
	rootObject = E4AEED862B2B7418004D3A55 /* Project object */;
}
